
Microsoft Visual Studio Solution File, Format Version 12.00
# Visual Studio Version 17
VisualStudioVersion = 17.11.35208.52
MinimumVisualStudioVersion = 10.0.40219.1
Project("{FAE04EC0-301F-11D3-BF4B-00C04F79EFBC}") = "GUI", "GUI.csproj", "{B5C4CEBF-790A-4993-A36C-7275A5083D49}"
EndProject
Project("{FAE04EC0-301F-11D3-BF4B-00C04F79EFBC}") = "DTO", "..\DTO\DTO.csproj", "{C33C00DE-4B36-42E0-A77F-1549106CB169}"
EndProject
Project("{FAE04EC0-301F-11D3-BF4B-00C04F79EFBC}") = "BUS", "..\BUS\BUS.csproj", "{6159E729-B051-407B-9B99-BC8C83047EF4}"
EndProject
Project("{FAE04EC0-301F-11D3-BF4B-00C04F79EFBC}") = "DAL", "..\DAL\DAL.csproj", "{4D188072-B483-4FB9-8F1A-13B13F16A96D}"
EndProject
Project("{FAE04EC0-301F-11D3-BF4B-00C04F79EFBC}") = "ArtanComponent", "..\ArtanComponent\ArtanComponent.csproj", "{D71C2C3D-4BAC-496E-BD18-0688B8CEA4B6}"
EndProject
Project("{2150E333-8FDC-42A3-9474-1A3956D46DE8}") = "Image", "Image", "{6A37E958-9CC3-4363-8BC0-A91CBD746F84}"
	ProjectSection(SolutionItems) = preProject
		..\Images\icon-delete_1.png = ..\Images\icon-delete_1.png
		..\Images\icon-edit.png = ..\Images\icon-edit.png
	EndProjectSection
EndProject
Global
	GlobalSection(SolutionConfigurationPlatforms) = preSolution
		Debug|Any CPU = Debug|Any CPU
		Release|Any CPU = Release|Any CPU
	EndGlobalSection
	GlobalSection(ProjectConfigurationPlatforms) = postSolution
		{B5C4CEBF-790A-4993-A36C-7275A5083D49}.Debug|Any CPU.ActiveCfg = Debug|Any CPU
		{B5C4CEBF-790A-4993-A36C-7275A5083D49}.Debug|Any CPU.Build.0 = Debug|Any CPU
		{B5C4CEBF-790A-4993-A36C-7275A5083D49}.Release|Any CPU.ActiveCfg = Release|Any CPU
		{B5C4CEBF-790A-4993-A36C-7275A5083D49}.Release|Any CPU.Build.0 = Release|Any CPU
		{C33C00DE-4B36-42E0-A77F-1549106CB169}.Debug|Any CPU.ActiveCfg = Debug|Any CPU
		{C33C00DE-4B36-42E0-A77F-1549106CB169}.Debug|Any CPU.Build.0 = Debug|Any CPU
		{C33C00DE-4B36-42E0-A77F-1549106CB169}.Release|Any CPU.ActiveCfg = Release|Any CPU
		{C33C00DE-4B36-42E0-A77F-1549106CB169}.Release|Any CPU.Build.0 = Release|Any CPU
		{6159E729-B051-407B-9B99-BC8C83047EF4}.Debug|Any CPU.ActiveCfg = Debug|Any CPU
		{6159E729-B051-407B-9B99-BC8C83047EF4}.Debug|Any CPU.Build.0 = Debug|Any CPU
		{6159E729-B051-407B-9B99-BC8C83047EF4}.Release|Any CPU.ActiveCfg = Release|Any CPU
		{6159E729-B051-407B-9B99-BC8C83047EF4}.Release|Any CPU.Build.0 = Release|Any CPU
		{4D188072-B483-4FB9-8F1A-13B13F16A96D}.Debug|Any CPU.ActiveCfg = Debug|Any CPU
		{4D188072-B483-4FB9-8F1A-13B13F16A96D}.Debug|Any CPU.Build.0 = Debug|Any CPU
		{4D188072-B483-4FB9-8F1A-13B13F16A96D}.Release|Any CPU.ActiveCfg = Release|Any CPU
		{4D188072-B483-4FB9-8F1A-13B13F16A96D}.Release|Any CPU.Build.0 = Release|Any CPU
		{D71C2C3D-4BAC-496E-BD18-0688B8CEA4B6}.Debug|Any CPU.ActiveCfg = Debug|Any CPU
		{D71C2C3D-4BAC-496E-BD18-0688B8CEA4B6}.Debug|Any CPU.Build.0 = Debug|Any CPU
		{D71C2C3D-4BAC-496E-BD18-0688B8CEA4B6}.Release|Any CPU.ActiveCfg = Release|Any CPU
		{D71C2C3D-4BAC-496E-BD18-0688B8CEA4B6}.Release|Any CPU.Build.0 = Release|Any CPU
	EndGlobalSection
	GlobalSection(SolutionProperties) = preSolution
		HideSolutionNode = FALSE
	EndGlobalSection
	GlobalSection(ExtensibilityGlobals) = postSolution
		SolutionGuid = {A848679D-73AA-47FE-BDD6-B05B9C74E796}
	EndGlobalSection
EndGlobal
